
Microsoft Visual Studio Solution File, Format Version 12.00
# Visual Studio Version 16
VisualStudioVersion = 16.0.29920.165
MinimumVisualStudioVersion = 10.0.40219.1
Project("{FAE04EC0-301F-11D3-BF4B-00C04F79EFBC}") = "Xamarin_Module4.UWP", "Xamarin_Module4\Xamarin_Module4.UWP\Xamarin_Module4.UWP.csproj", "{C48E2BF9-E3F7-4F9A-9797-6CF0AF5D9E15}"
EndProject
Project("{FAE04EC0-301F-11D3-BF4B-00C04F79EFBC}") = "Xamarin_Module4.Android", "Xamarin_Module4\Xamarin_Module4.Android\Xamarin_Module4.Android.csproj", "{2C71E3E7-E951-40EA-B18F-CEA60C1B21F7}"
EndProject
Project("{9A19103F-16F7-4668-BE54-9A1E7A4F7556}") = "Xamarin_Module4", "Xamarin_Module4\Xamarin_Module4\Xamarin_Module4.csproj", "{707B2FA9-C5DE-4A69-8AF0-2D94A7D257E0}"
EndProject
Global
	GlobalSection(SolutionConfigurationPlatforms) = preSolution
		Debug|Any CPU = Debug|Any CPU
		Debug|ARM = Debug|ARM
		Debug|iPhone = Debug|iPhone
		Debug|iPhoneSimulator = Debug|iPhoneSimulator
		Debug|x64 = Debug|x64
		Debug|x86 = Debug|x86
		Release|Any CPU = Release|Any CPU
		Release|ARM = Release|ARM
		Release|iPhone = Release|iPhone
		Release|iPhoneSimulator = Release|iPhoneSimulator
		Release|x64 = Release|x64
		Release|x86 = Release|x86
	EndGlobalSection
	GlobalSection(ProjectConfigurationPlatforms) = postSolution
		{C48E2BF9-E3F7-4F9A-9797-6CF0AF5D9E15}.Debug|Any CPU.ActiveCfg = Debug|x86
		{C48E2BF9-E3F7-4F9A-9797-6CF0AF5D9E15}.Debug|Any CPU.Build.0 = Debug|x86
		{C48E2BF9-E3F7-4F9A-9797-6CF0AF5D9E15}.Debug|Any CPU.Deploy.0 = Debug|x86
		{C48E2BF9-E3F7-4F9A-9797-6CF0AF5D9E15}.Debug|ARM.ActiveCfg = Debug|ARM
		{C48E2BF9-E3F7-4F9A-9797-6CF0AF5D9E15}.Debug|ARM.Build.0 = Debug|ARM
		{C48E2BF9-E3F7-4F9A-9797-6CF0AF5D9E15}.Debug|ARM.Deploy.0 = Debug|ARM
		{C48E2BF9-E3F7-4F9A-9797-6CF0AF5D9E15}.Debug|iPhone.ActiveCfg = Debug|x86
		{C48E2BF9-E3F7-4F9A-9797-6CF0AF5D9E15}.Debug|iPhoneSimulator.ActiveCfg = Debug|x86
		{C48E2BF9-E3F7-4F9A-9797-6CF0AF5D9E15}.Debug|x64.ActiveCfg = Debug|x64
		{C48E2BF9-E3F7-4F9A-9797-6CF0AF5D9E15}.Debug|x64.Build.0 = Debug|x64
		{C48E2BF9-E3F7-4F9A-9797-6CF0AF5D9E15}.Debug|x64.Deploy.0 = Debug|x64
		{C48E2BF9-E3F7-4F9A-9797-6CF0AF5D9E15}.Debug|x86.ActiveCfg = Debug|x86
		{C48E2BF9-E3F7-4F9A-9797-6CF0AF5D9E15}.Debug|x86.Build.0 = Debug|x86
		{C48E2BF9-E3F7-4F9A-9797-6CF0AF5D9E15}.Debug|x86.Deploy.0 = Debug|x86
		{C48E2BF9-E3F7-4F9A-9797-6CF0AF5D9E15}.Release|Any CPU.ActiveCfg = Release|x86
		{C48E2BF9-E3F7-4F9A-9797-6CF0AF5D9E15}.Release|Any CPU.Build.0 = Release|x86
		{C48E2BF9-E3F7-4F9A-9797-6CF0AF5D9E15}.Release|Any CPU.Deploy.0 = Release|x86
		{C48E2BF9-E3F7-4F9A-9797-6CF0AF5D9E15}.Release|ARM.ActiveCfg = Release|ARM
		{C48E2BF9-E3F7-4F9A-9797-6CF0AF5D9E15}.Release|ARM.Build.0 = Release|ARM
		{C48E2BF9-E3F7-4F9A-9797-6CF0AF5D9E15}.Release|ARM.Deploy.0 = Release|ARM
		{C48E2BF9-E3F7-4F9A-9797-6CF0AF5D9E15}.Release|iPhone.ActiveCfg = Release|x86
		{C48E2BF9-E3F7-4F9A-9797-6CF0AF5D9E15}.Release|iPhoneSimulator.ActiveCfg = Release|x86
		{C48E2BF9-E3F7-4F9A-9797-6CF0AF5D9E15}.Release|x64.ActiveCfg = Release|x64
		{C48E2BF9-E3F7-4F9A-9797-6CF0AF5D9E15}.Release|x64.Build.0 = Release|x64
		{C48E2BF9-E3F7-4F9A-9797-6CF0AF5D9E15}.Release|x64.Deploy.0 = Release|x64
		{C48E2BF9-E3F7-4F9A-9797-6CF0AF5D9E15}.Release|x86.ActiveCfg = Release|x86
		{C48E2BF9-E3F7-4F9A-9797-6CF0AF5D9E15}.Release|x86.Build.0 = Release|x86
		{C48E2BF9-E3F7-4F9A-9797-6CF0AF5D9E15}.Release|x86.Deploy.0 = Release|x86
		{2C71E3E7-E951-40EA-B18F-CEA60C1B21F7}.Debug|Any CPU.ActiveCfg = Debug|Any CPU
		{2C71E3E7-E951-40EA-B18F-CEA60C1B21F7}.Debug|Any CPU.Build.0 = Debug|Any CPU
		{2C71E3E7-E951-40EA-B18F-CEA60C1B21F7}.Debug|Any CPU.Deploy.0 = Debug|Any CPU
		{2C71E3E7-E951-40EA-B18F-CEA60C1B21F7}.Debug|ARM.ActiveCfg = Debug|Any CPU
		{2C71E3E7-E951-40EA-B18F-CEA60C1B21F7}.Debug|ARM.Build.0 = Debug|Any CPU
		{2C71E3E7-E951-40EA-B18F-CEA60C1B21F7}.Debug|ARM.Deploy.0 = Debug|Any CPU
		{2C71E3E7-E951-40EA-B18F-CEA60C1B21F7}.Debug|iPhone.ActiveCfg = Debug|Any CPU
		{2C71E3E7-E951-40EA-B18F-CEA60C1B21F7}.Debug|iPhone.Build.0 = Debug|Any CPU
		{2C71E3E7-E951-40EA-B18F-CEA60C1B21F7}.Debug|iPhone.Deploy.0 = Debug|Any CPU
		{2C71E3E7-E951-40EA-B18F-CEA60C1B21F7}.Debug|iPhoneSimulator.ActiveCfg = Debug|Any CPU
		{2C71E3E7-E951-40EA-B18F-CEA60C1B21F7}.Debug|iPhoneSimulator.Build.0 = Debug|Any CPU
		{2C71E3E7-E951-40EA-B18F-CEA60C1B21F7}.Debug|iPhoneSimulator.Deploy.0 = Debug|Any CPU
		{2C71E3E7-E951-40EA-B18F-CEA60C1B21F7}.Debug|x64.ActiveCfg = Debug|Any CPU
		{2C71E3E7-E951-40EA-B18F-CEA60C1B21F7}.Debug|x64.Build.0 = Debug|Any CPU
		{2C71E3E7-E951-40EA-B18F-CEA60C1B21F7}.Debug|x64.Deploy.0 = Debug|Any CPU
		{2C71E3E7-E951-40EA-B18F-CEA60C1B21F7}.Debug|x86.ActiveCfg = Debug|Any CPU
		{2C71E3E7-E951-40EA-B18F-CEA60C1B21F7}.Debug|x86.Build.0 = Debug|Any CPU
		{2C71E3E7-E951-40EA-B18F-CEA60C1B21F7}.Debug|x86.Deploy.0 = Debug|Any CPU
		{2C71E3E7-E951-40EA-B18F-CEA60C1B21F7}.Release|Any CPU.ActiveCfg = Release|Any CPU
		{2C71E3E7-E951-40EA-B18F-CEA60C1B21F7}.Release|Any CPU.Build.0 = Release|Any CPU
		{2C71E3E7-E951-40EA-B18F-CEA60C1B21F7}.Release|Any CPU.Deploy.0 = Release|Any CPU
		{2C71E3E7-E951-40EA-B18F-CEA60C1B21F7}.Release|ARM.ActiveCfg = Release|Any CPU
		{2C71E3E7-E951-40EA-B18F-CEA60C1B21F7}.Release|ARM.Build.0 = Release|Any CPU
		{2C71E3E7-E951-40EA-B18F-CEA60C1B21F7}.Release|ARM.Deploy.0 = Release|Any CPU
		{2C71E3E7-E951-40EA-B18F-CEA60C1B21F7}.Release|iPhone.ActiveCfg = Release|Any CPU
		{2C71E3E7-E951-40EA-B18F-CEA60C1B21F7}.Release|iPhone.Build.0 = Release|Any CPU
		{2C71E3E7-E951-40EA-B18F-CEA60C1B21F7}.Release|iPhone.Deploy.0 = Release|Any CPU
		{2C71E3E7-E951-40EA-B18F-CEA60C1B21F7}.Release|iPhoneSimulator.ActiveCfg = Release|Any CPU
		{2C71E3E7-E951-40EA-B18F-CEA60C1B21F7}.Release|iPhoneSimulator.Build.0 = Release|Any CPU
		{2C71E3E7-E951-40EA-B18F-CEA60C1B21F7}.Release|iPhoneSimulator.Deploy.0 = Release|Any CPU
		{2C71E3E7-E951-40EA-B18F-CEA60C1B21F7}.Release|x64.ActiveCfg = Release|Any CPU
		{2C71E3E7-E951-40EA-B18F-CEA60C1B21F7}.Release|x64.Build.0 = Release|Any CPU
		{2C71E3E7-E951-40EA-B18F-CEA60C1B21F7}.Release|x64.Deploy.0 = Release|Any CPU
		{2C71E3E7-E951-40EA-B18F-CEA60C1B21F7}.Release|x86.ActiveCfg = Release|Any CPU
		{2C71E3E7-E951-40EA-B18F-CEA60C1B21F7}.Release|x86.Build.0 = Release|Any CPU
		{2C71E3E7-E951-40EA-B18F-CEA60C1B21F7}.Release|x86.Deploy.0 = Release|Any CPU
		{707B2FA9-C5DE-4A69-8AF0-2D94A7D257E0}.Debug|Any CPU.ActiveCfg = Debug|Any CPU
		{707B2FA9-C5DE-4A69-8AF0-2D94A7D257E0}.Debug|Any CPU.Build.0 = Debug|Any CPU
		{707B2FA9-C5DE-4A69-8AF0-2D94A7D257E0}.Debug|Any CPU.Deploy.0 = Debug|Any CPU
		{707B2FA9-C5DE-4A69-8AF0-2D94A7D257E0}.Debug|ARM.ActiveCfg = Debug|Any CPU
		{707B2FA9-C5DE-4A69-8AF0-2D94A7D257E0}.Debug|ARM.Build.0 = Debug|Any CPU
		{707B2FA9-C5DE-4A69-8AF0-2D94A7D257E0}.Debug|ARM.Deploy.0 = Debug|Any CPU
		{707B2FA9-C5DE-4A69-8AF0-2D94A7D257E0}.Debug|iPhone.ActiveCfg = Debug|Any CPU
		{707B2FA9-C5DE-4A69-8AF0-2D94A7D257E0}.Debug|iPhone.Build.0 = Debug|Any CPU
		{707B2FA9-C5DE-4A69-8AF0-2D94A7D257E0}.Debug|iPhoneSimulator.ActiveCfg = Debug|Any CPU
		{707B2FA9-C5DE-4A69-8AF0-2D94A7D257E0}.Debug|iPhoneSimulator.Build.0 = Debug|Any CPU
		{707B2FA9-C5DE-4A69-8AF0-2D94A7D257E0}.Debug|x64.ActiveCfg = Debug|Any CPU
		{707B2FA9-C5DE-4A69-8AF0-2D94A7D257E0}.Debug|x64.Build.0 = Debug|Any CPU
		{707B2FA9-C5DE-4A69-8AF0-2D94A7D257E0}.Debug|x64.Deploy.0 = Debug|Any CPU
		{707B2FA9-C5DE-4A69-8AF0-2D94A7D257E0}.Debug|x86.ActiveCfg = Debug|Any CPU
		{707B2FA9-C5DE-4A69-8AF0-2D94A7D257E0}.Debug|x86.Build.0 = Debug|Any CPU
		{707B2FA9-C5DE-4A69-8AF0-2D94A7D257E0}.Debug|x86.Deploy.0 = Debug|Any CPU
		{707B2FA9-C5DE-4A69-8AF0-2D94A7D257E0}.Release|Any CPU.ActiveCfg = Release|Any CPU
		{707B2FA9-C5DE-4A69-8AF0-2D94A7D257E0}.Release|Any CPU.Build.0 = Release|Any CPU
		{707B2FA9-C5DE-4A69-8AF0-2D94A7D257E0}.Release|Any CPU.Deploy.0 = Release|Any CPU
		{707B2FA9-C5DE-4A69-8AF0-2D94A7D257E0}.Release|ARM.ActiveCfg = Release|Any CPU
		{707B2FA9-C5DE-4A69-8AF0-2D94A7D257E0}.Release|ARM.Build.0 = Release|Any CPU
		{707B2FA9-C5DE-4A69-8AF0-2D94A7D257E0}.Release|ARM.Deploy.0 = Release|Any CPU
		{707B2FA9-C5DE-4A69-8AF0-2D94A7D257E0}.Release|iPhone.ActiveCfg = Release|Any CPU
		{707B2FA9-C5DE-4A69-8AF0-2D94A7D257E0}.Release|iPhone.Build.0 = Release|Any CPU
		{707B2FA9-C5DE-4A69-8AF0-2D94A7D257E0}.Release|iPhoneSimulator.ActiveCfg = Release|Any CPU
		{707B2FA9-C5DE-4A69-8AF0-2D94A7D257E0}.Release|iPhoneSimulator.Build.0 = Release|Any CPU
		{707B2FA9-C5DE-4A69-8AF0-2D94A7D257E0}.Release|x64.ActiveCfg = Release|Any CPU
		{707B2FA9-C5DE-4A69-8AF0-2D94A7D257E0}.Release|x64.Build.0 = Release|Any CPU
		{707B2FA9-C5DE-4A69-8AF0-2D94A7D257E0}.Release|x64.Deploy.0 = Release|Any CPU
		{707B2FA9-C5DE-4A69-8AF0-2D94A7D257E0}.Release|x86.ActiveCfg = Release|Any CPU
		{707B2FA9-C5DE-4A69-8AF0-2D94A7D257E0}.Release|x86.Build.0 = Release|Any CPU
		{707B2FA9-C5DE-4A69-8AF0-2D94A7D257E0}.Release|x86.Deploy.0 = Release|Any CPU
	EndGlobalSection
	GlobalSection(SolutionProperties) = preSolution
		HideSolutionNode = FALSE
	EndGlobalSection
	GlobalSection(ExtensibilityGlobals) = postSolution
		SolutionGuid = {EC76EEC4-C51C-4283-8EC8-C4F760F39AB7}
	EndGlobalSection
EndGlobal
